// !$*UTF8*$!
{
	archiveVersion = 1;
	classes = {
	};
	objectVersion = 56;
	objects = {

/* Begin PBXBuildFile section */
		773166FA29253C6B002712DC /* RecipeApp.swift in Sources */ = {isa = PBXBuildFile; fileRef = 773166F929253C6B002712DC /* RecipeApp.swift */; };
		773166FC29253C6B002712DC /* ContentView.swift in Sources */ = {isa = PBXBuildFile; fileRef = 773166FB29253C6B002712DC /* ContentView.swift */; };
		773166FE29253C6E002712DC /* Assets.xcassets in Resources */ = {isa = PBXBuildFile; fileRef = 773166FD29253C6E002712DC /* Assets.xcassets */; };
		7731670229253C6E002712DC /* Preview Assets.xcassets in Resources */ = {isa = PBXBuildFile; fileRef = 7731670129253C6E002712DC /* Preview Assets.xcassets */; };
		7731672829253E5E002712DC /* Recipe.swift in Sources */ = {isa = PBXBuildFile; fileRef = 7731672729253E5E002712DC /* Recipe.swift */; };
		7731672A29253F34002712DC /* RecipeModel.swift in Sources */ = {isa = PBXBuildFile; fileRef = 7731672929253F34002712DC /* RecipeModel.swift */; };
		7731672C2928223A002712DC /* data.json in Resources */ = {isa = PBXBuildFile; fileRef = 7731672B2928223A002712DC /* data.json */; };
		77B06374293938AE004692D5 /* RecipeView.swift in Sources */ = {isa = PBXBuildFile; fileRef = 77B06373293938AE004692D5 /* RecipeView.swift */; };
/* End PBXBuildFile section */

/* Begin PBXContainerItemProxy section */
		7731670829253C6E002712DC /* PBXContainerItemProxy */ = {
			isa = PBXContainerItemProxy;
			containerPortal = 773166EE29253C6B002712DC /* Project object */;
			proxyType = 1;
			remoteGlobalIDString = 773166F529253C6B002712DC;
			remoteInfo = "MVVM-lesson";
		};
		7731671229253C6E002712DC /* PBXContainerItemProxy */ = {
			isa = PBXContainerItemProxy;
			containerPortal = 773166EE29253C6B002712DC /* Project object */;
			proxyType = 1;
			remoteGlobalIDString = 773166F529253C6B002712DC;
			remoteInfo = "MVVM-lesson";
		};
/* End PBXContainerItemProxy section */

/* Begin PBXFileReference section */
		773166F629253C6B002712DC /* MVVM-lesson.app */ = {isa = PBXFileReference; explicitFileType = wrapper.application; includeInIndex = 0; path = "MVVM-lesson.app"; sourceTree = BUILT_PRODUCTS_DIR; };
		773166F929253C6B002712DC /* RecipeApp.swift */ = {isa = PBXFileReference; lastKnownFileType = sourcecode.swift; path = RecipeApp.swift; sourceTree = "<group>"; };
		773166FB29253C6B002712DC /* ContentView.swift */ = {isa = PBXFileReference; lastKnownFileType = sourcecode.swift; path = ContentView.swift; sourceTree = "<group>"; };
		773166FD29253C6E002712DC /* Assets.xcassets */ = {isa = PBXFileReference; lastKnownFileType = folder.assetcatalog; path = Assets.xcassets; sourceTree = "<group>"; };
		7731670129253C6E002712DC /* Preview Assets.xcassets */ = {isa = PBXFileReference; lastKnownFileType = folder.assetcatalog; path = "Preview Assets.xcassets"; sourceTree = "<group>"; };
		7731670729253C6E002712DC /* MVVM-lessonTests.xctest */ = {isa = PBXFileReference; explicitFileType = wrapper.cfbundle; includeInIndex = 0; path = "MVVM-lessonTests.xctest"; sourceTree = BUILT_PRODUCTS_DIR; };
		7731671129253C6E002712DC /* MVVM-lessonUITests.xctest */ = {isa = PBXFileReference; explicitFileType = wrapper.cfbundle; includeInIndex = 0; path = "MVVM-lessonUITests.xctest"; sourceTree = BUILT_PRODUCTS_DIR; };
		7731672729253E5E002712DC /* Recipe.swift */ = {isa = PBXFileReference; lastKnownFileType = sourcecode.swift; path = Recipe.swift; sourceTree = "<group>"; };
		7731672929253F34002712DC /* RecipeModel.swift */ = {isa = PBXFileReference; lastKnownFileType = sourcecode.swift; path = RecipeModel.swift; sourceTree = "<group>"; };
		7731672B2928223A002712DC /* data.json */ = {isa = PBXFileReference; lastKnownFileType = text.json; path = data.json; sourceTree = "<group>"; };
		77B06373293938AE004692D5 /* RecipeView.swift */ = {isa = PBXFileReference; lastKnownFileType = sourcecode.swift; path = RecipeView.swift; sourceTree = "<group>"; };
/* End PBXFileReference section */

/* Begin PBXFrameworksBuildPhase section */
		773166F329253C6B002712DC /* Frameworks */ = {
			isa = PBXFrameworksBuildPhase;
			buildActionMask = 2147483647;
			files = (
			);
			runOnlyForDeploymentPostprocessing = 0;
		};
		7731670429253C6E002712DC /* Frameworks */ = {
			isa = PBXFrameworksBuildPhase;
			buildActionMask = 2147483647;
			files = (
			);
			runOnlyForDeploymentPostprocessing = 0;
		};
		7731670E29253C6E002712DC /* Frameworks */ = {
			isa = PBXFrameworksBuildPhase;
			buildActionMask = 2147483647;
			files = (
			);
			runOnlyForDeploymentPostprocessing = 0;
		};
/* End PBXFrameworksBuildPhase section */

/* Begin PBXGroup section */
		773166ED29253C6B002712DC = {
			isa = PBXGroup;
			children = (
				773166F829253C6B002712DC /* MVVM-lesson */,
				773166F729253C6B002712DC /* Products */,
			);
			sourceTree = "<group>";
		};
		773166F729253C6B002712DC /* Products */ = {
			isa = PBXGroup;
			children = (
				773166F629253C6B002712DC /* MVVM-lesson.app */,
				7731670729253C6E002712DC /* MVVM-lessonTests.xctest */,
				7731671129253C6E002712DC /* MVVM-lessonUITests.xctest */,
			);
			name = Products;
			sourceTree = "<group>";
		};
		773166F829253C6B002712DC /* MVVM-lesson */ = {
			isa = PBXGroup;
			children = (
				773166F929253C6B002712DC /* RecipeApp.swift */,
				7731672629253CA4002712DC /* ViewModels */,
				7731672529253C8E002712DC /* Views */,
				773166FD29253C6E002712DC /* Assets.xcassets */,
				7731672429253C80002712DC /* Models */,
				7731670029253C6E002712DC /* Preview Content */,
				7731672B2928223A002712DC /* data.json */,
			);
			path = "MVVM-lesson";
			sourceTree = "<group>";
		};
		7731670029253C6E002712DC /* Preview Content */ = {
			isa = PBXGroup;
			children = (
				7731670129253C6E002712DC /* Preview Assets.xcassets */,
			);
			path = "Preview Content";
			sourceTree = "<group>";
		};
		7731672429253C80002712DC /* Models */ = {
			isa = PBXGroup;
			children = (
				7731672729253E5E002712DC /* Recipe.swift */,
			);
			path = Models;
			sourceTree = "<group>";
		};
		7731672529253C8E002712DC /* Views */ = {
			isa = PBXGroup;
			children = (
				773166FB29253C6B002712DC /* ContentView.swift */,
				77B06373293938AE004692D5 /* RecipeView.swift */,
			);
			path = Views;
			sourceTree = "<group>";
		};
		7731672629253CA4002712DC /* ViewModels */ = {
			isa = PBXGroup;
			children = (
				7731672929253F34002712DC /* RecipeModel.swift */,
			);
			path = ViewModels;
			sourceTree = "<group>";
		};
/* End PBXGroup section */

/* Begin PBXNativeTarget section */
		773166F529253C6B002712DC /* MVVM-lesson */ = {
			isa = PBXNativeTarget;
			buildConfigurationList = 7731671B29253C6F002712DC /* Build configuration list for PBXNativeTarget "MVVM-lesson" */;
			buildPhases = (
				773166F229253C6B002712DC /* Sources */,
				773166F329253C6B002712DC /* Frameworks */,
				773166F429253C6B002712DC /* Resources */,
			);
			buildRules = (
			);
			dependencies = (
			);
			name = "MVVM-lesson";
			productName = "MVVM-lesson";
			productReference = 773166F629253C6B002712DC /* MVVM-lesson.app */;
			productType = "com.apple.product-type.application";
		};
		7731670629253C6E002712DC /* MVVM-lessonTests */ = {
			isa = PBXNativeTarget;
			buildConfigurationList = 7731671E29253C6F002712DC /* Build configuration list for PBXNativeTarget "MVVM-lessonTests" */;
			buildPhases = (
				7731670329253C6E002712DC /* Sources */,
				7731670429253C6E002712DC /* Frameworks */,
				7731670529253C6E002712DC /* Resources */,
			);
			buildRules = (
			);
			dependencies = (
				7731670929253C6E002712DC /* PBXTargetDependency */,
			);
			name = "MVVM-lessonTests";
			productName = "MVVM-lessonTests";
			productReference = 7731670729253C6E002712DC /* MVVM-lessonTests.xctest */;
			productType = "com.apple.product-type.bundle.unit-test";
		};
		7731671029253C6E002712DC /* MVVM-lessonUITests */ = {
			isa = PBXNativeTarget;
			buildConfigurationList = 7731672129253C6F002712DC /* Build configuration list for PBXNativeTarget "MVVM-lessonUITests" */;
			buildPhases = (
				7731670D29253C6E002712DC /* Sources */,
				7731670E29253C6E002712DC /* Frameworks */,
				7731670F29253C6E002712DC /* Resources */,
			);
			buildRules = (
			);
			dependencies = (
				7731671329253C6E002712DC /* PBXTargetDependency */,
			);
			name = "MVVM-lessonUITests";
			productName = "MVVM-lessonUITests";
			productReference = 7731671129253C6E002712DC /* MVVM-lessonUITests.xctest */;
			productType = "com.apple.product-type.bundle.ui-testing";
		};
/* End PBXNativeTarget section */

/* Begin PBXProject section */
		773166EE29253C6B002712DC /* Project object */ = {
			isa = PBXProject;
			attributes = {
				BuildIndependentTargetsInParallel = 1;
				LastSwiftUpdateCheck = 1410;
				LastUpgradeCheck = 1410;
				TargetAttributes = {
					773166F529253C6B002712DC = {
						CreatedOnToolsVersion = 14.1;
					};
					7731670629253C6E002712DC = {
						CreatedOnToolsVersion = 14.1;
						TestTargetID = 773166F529253C6B002712DC;
					};
					7731671029253C6E002712DC = {
						CreatedOnToolsVersion = 14.1;
						TestTargetID = 773166F529253C6B002712DC;
					};
				};
			};
			buildConfigurationList = 773166F129253C6B002712DC /* Build configuration list for PBXProject "MVVM-lesson" */;
			compatibilityVersion = "Xcode 14.0";
			developmentRegion = en;
			hasScannedForEncodings = 0;
			knownRegions = (
				en,
				Base,
			);
			mainGroup = 773166ED29253C6B002712DC;
			productRefGroup = 773166F729253C6B002712DC /* Products */;
			projectDirPath = "";
			projectRoot = "";
			targets = (
				773166F529253C6B002712DC /* MVVM-lesson */,
				7731670629253C6E002712DC /* MVVM-lessonTests */,
				7731671029253C6E002712DC /* MVVM-lessonUITests */,
			);
		};
/* End PBXProject section */

/* Begin PBXResourcesBuildPhase section */
		773166F429253C6B002712DC /* Resources */ = {
			isa = PBXResourcesBuildPhase;
			buildActionMask = 2147483647;
			files = (
				7731670229253C6E002712DC /* Preview Assets.xcassets in Resources */,
				7731672C2928223A002712DC /* data.json in Resources */,
				773166FE29253C6E002712DC /* Assets.xcassets in Resources */,
			);
			runOnlyForDeploymentPostprocessing = 0;
		};
		7731670529253C6E002712DC /* Resources */ = {
			isa = PBXResourcesBuildPhase;
			buildActionMask = 2147483647;
			files = (
			);
			runOnlyForDeploymentPostprocessing = 0;
		};
		7731670F29253C6E002712DC /* Resources */ = {
			isa = PBXResourcesBuildPhase;
			buildActionMask = 2147483647;
			files = (
			);
			runOnlyForDeploymentPostprocessing = 0;
		};
/* End PBXResourcesBuildPhase section */

/* Begin PBXSourcesBuildPhase section */
		773166F229253C6B002712DC /* Sources */ = {
			isa = PBXSourcesBuildPhase;
			buildActionMask = 2147483647;
			files = (
				7731672829253E5E002712DC /* Recipe.swift in Sources */,
				7731672A29253F34002712DC /* RecipeModel.swift in Sources */,
				77B06374293938AE004692D5 /* RecipeView.swift in Sources */,
				773166FC29253C6B002712DC /* ContentView.swift in Sources */,
				773166FA29253C6B002712DC /* RecipeApp.swift in Sources */,
			);
			runOnlyForDeploymentPostprocessing = 0;
		};
		7731670329253C6E002712DC /* Sources */ = {
			isa = PBXSourcesBuildPhase;
			buildActionMask = 2147483647;
			files = (
			);
			runOnlyForDeploymentPostprocessing = 0;
		};
		7731670D29253C6E002712DC /* Sources */ = {
			isa = PBXSourcesBuildPhase;
			buildActionMask = 2147483647;
			files = (
			);
			runOnlyForDeploymentPostprocessing = 0;
		};
/* End PBXSourcesBuildPhase section */

/* Begin PBXTargetDependency section */
		7731670929253C6E002712DC /* PBXTargetDependency */ = {
			isa = PBXTargetDependency;
			target = 773166F529253C6B002712DC /* MVVM-lesson */;
			targetProxy = 7731670829253C6E002712DC /* PBXContainerItemProxy */;
		};
		7731671329253C6E002712DC /* PBXTargetDependency */ = {
			isa = PBXTargetDependency;
			target = 773166F529253C6B002712DC /* MVVM-lesson */;
			targetProxy = 7731671229253C6E002712DC /* PBXContainerItemProxy */;
		};
/* End PBXTargetDependency section */

/* Begin XCBuildConfiguration section */
		7731671929253C6F002712DC /* Debug */ = {
			isa = XCBuildConfiguration;
			buildSettings = {
				ALWAYS_SEARCH_USER_PATHS = NO;
				CLANG_ANALYZER_NONNULL = YES;
				CLANG_ANALYZER_NUMBER_OBJECT_CONVERSION = YES_AGGRESSIVE;
				CLANG_CXX_LANGUAGE_STANDARD = "gnu++20";
				CLANG_ENABLE_MODULES = YES;
				CLANG_ENABLE_OBJC_ARC = YES;
				CLANG_ENABLE_OBJC_WEAK = YES;
				CLANG_WARN_BLOCK_CAPTURE_AUTORELEASING = YES;
				CLANG_WARN_BOOL_CONVERSION = YES;
				CLANG_WARN_COMMA = YES;
				CLANG_WARN_CONSTANT_CONVERSION = YES;
				CLANG_WARN_DEPRECATED_OBJC_IMPLEMENTATIONS = YES;
				CLANG_WARN_DIRECT_OBJC_ISA_USAGE = YES_ERROR;
				CLANG_WARN_DOCUMENTATION_COMMENTS = YES;
				CLANG_WARN_EMPTY_BODY = YES;
				CLANG_WARN_ENUM_CONVERSION = YES;
				CLANG_WARN_INFINITE_RECURSION = YES;
				CLANG_WARN_INT_CONVERSION = YES;
				CLANG_WARN_NON_LITERAL_NULL_CONVERSION = YES;
				CLANG_WARN_OBJC_IMPLICIT_RETAIN_SELF = YES;
				CLANG_WARN_OBJC_LITERAL_CONVERSION = YES;
				CLANG_WARN_OBJC_ROOT_CLASS = YES_ERROR;
				CLANG_WARN_QUOTED_INCLUDE_IN_FRAMEWORK_HEADER = YES;
				CLANG_WARN_RANGE_LOOP_ANALYSIS = YES;
				CLANG_WARN_STRICT_PROTOTYPES = YES;
				CLANG_WARN_SUSPICIOUS_MOVE = YES;
				CLANG_WARN_UNGUARDED_AVAILABILITY = YES_AGGRESSIVE;
				CLANG_WARN_UNREACHABLE_CODE = YES;
				CLANG_WARN__DUPLICATE_METHOD_MATCH = YES;
				COPY_PHASE_STRIP = NO;
				DEBUG_INFORMATION_FORMAT = dwarf;
				ENABLE_STRICT_OBJC_MSGSEND = YES;
				ENABLE_TESTABILITY = YES;
				GCC_C_LANGUAGE_STANDARD = gnu11;
				GCC_DYNAMIC_NO_PIC = NO;
				GCC_NO_COMMON_BLOCKS = YES;
				GCC_OPTIMIZATION_LEVEL = 0;
				GCC_PREPROCESSOR_DEFINITIONS = (
					"DEBUG=1",
					"$(inherited)",
				);
				GCC_WARN_64_TO_32_BIT_CONVERSION = YES;
				GCC_WARN_ABOUT_RETURN_TYPE = YES_ERROR;
				GCC_WARN_UNDECLARED_SELECTOR = YES;
				GCC_WARN_UNINITIALIZED_AUTOS = YES_AGGRESSIVE;
				GCC_WARN_UNUSED_FUNCTION = YES;
				GCC_WARN_UNUSED_VARIABLE = YES;
				MTL_ENABLE_DEBUG_INFO = INCLUDE_SOURCE;
				MTL_FAST_MATH = YES;
				ONLY_ACTIVE_ARCH = YES;
				SWIFT_ACTIVE_COMPILATION_CONDITIONS = DEBUG;
				SWIFT_OPTIMIZATION_LEVEL = "-Onone";
			};
			name = Debug;
		};
		7731671A29253C6F002712DC /* Release */ = {
			isa = XCBuildConfiguration;
			buildSettings = {
				ALWAYS_SEARCH_USER_PATHS = NO;
				CLANG_ANALYZER_NONNULL = YES;
				CLANG_ANALYZER_NUMBER_OBJECT_CONVERSION = YES_AGGRESSIVE;
				CLANG_CXX_LANGUAGE_STANDARD = "gnu++20";
				CLANG_ENABLE_MODULES = YES;
				CLANG_ENABLE_OBJC_ARC = YES;
				CLANG_ENABLE_OBJC_WEAK = YES;
				CLANG_WARN_BLOCK_CAPTURE_AUTORELEASING = YES;
				CLANG_WARN_BOOL_CONVERSION = YES;
				CLANG_WARN_COMMA = YES;
				CLANG_WARN_CONSTANT_CONVERSION = YES;
				CLANG_WARN_DEPRECATED_OBJC_IMPLEMENTATIONS = YES;
				CLANG_WARN_DIRECT_OBJC_ISA_USAGE = YES_ERROR;
				CLANG_WARN_DOCUMENTATION_COMMENTS = YES;
				CLANG_WARN_EMPTY_BODY = YES;
				CLANG_WARN_ENUM_CONVERSION = YES;
				CLANG_WARN_INFINITE_RECURSION = YES;
				CLANG_WARN_INT_CONVERSION = YES;
				CLANG_WARN_NON_LITERAL_NULL_CONVERSION = YES;
				CLANG_WARN_OBJC_IMPLICIT_RETAIN_SELF = YES;
				CLANG_WARN_OBJC_LITERAL_CONVERSION = YES;
				CLANG_WARN_OBJC_ROOT_CLASS = YES_ERROR;
				CLANG_WARN_QUOTED_INCLUDE_IN_FRAMEWORK_HEADER = YES;
				CLANG_WARN_RANGE_LOOP_ANALYSIS = YES;
				CLANG_WARN_STRICT_PROTOTYPES = YES;
				CLANG_WARN_SUSPICIOUS_MOVE = YES;
				CLANG_WARN_UNGUARDED_AVAILABILITY = YES_AGGRESSIVE;
				CLANG_WARN_UNREACHABLE_CODE = YES;
				CLANG_WARN__DUPLICATE_METHOD_MATCH = YES;
				COPY_PHASE_STRIP = NO;
				DEBUG_INFORMATION_FORMAT = "dwarf-with-dsym";
				ENABLE_NS_ASSERTIONS = NO;
				ENABLE_STRICT_OBJC_MSGSEND = YES;
				GCC_C_LANGUAGE_STANDARD = gnu11;
				GCC_NO_COMMON_BLOCKS = YES;
				GCC_WARN_64_TO_32_BIT_CONVERSION = YES;
				GCC_WARN_ABOUT_RETURN_TYPE = YES_ERROR;
				GCC_WARN_UNDECLARED_SELECTOR = YES;
				GCC_WARN_UNINITIALIZED_AUTOS = YES_AGGRESSIVE;
				GCC_WARN_UNUSED_FUNCTION = YES;
				GCC_WARN_UNUSED_VARIABLE = YES;
				MTL_ENABLE_DEBUG_INFO = NO;
				MTL_FAST_MATH = YES;
				SWIFT_COMPILATION_MODE = wholemodule;
				SWIFT_OPTIMIZATION_LEVEL = "-O";
			};
			name = Release;
		};
		7731671C29253C6F002712DC /* Debug */ = {
			isa = XCBuildConfiguration;
			buildSettings = {
				ASSETCATALOG_COMPILER_APPICON_NAME = AppIcon;
				ASSETCATALOG_COMPILER_GLOBAL_ACCENT_COLOR_NAME = AccentColor;
				CODE_SIGN_ENTITLEMENTS = "MVVM-lesson/MVVM_lesson.entitlements";
				CODE_SIGN_STYLE = Automatic;
				CURRENT_PROJECT_VERSION = 1;
				ENABLE_PREVIEWS = YES;
				GENERATE_INFOPLIST_FILE = YES;
				"INFOPLIST_KEY_UIApplicationSceneManifest_Generation[sdk=iphoneos*]" = YES;
				"INFOPLIST_KEY_UIApplicationSceneManifest_Generation[sdk=iphonesimulator*]" = YES;
				"INFOPLIST_KEY_UIApplicationSupportsIndirectInputEvents[sdk=iphoneos*]" = YES;
				"INFOPLIST_KEY_UIApplicationSupportsIndirectInputEvents[sdk=iphonesimulator*]" = YES;
				"INFOPLIST_KEY_UILaunchScreen_Generation[sdk=iphoneos*]" = YES;
				"INFOPLIST_KEY_UILaunchScreen_Generation[sdk=iphonesimulator*]" = YES;
				"INFOPLIST_KEY_UIStatusBarStyle[sdk=iphoneos*]" = UIStatusBarStyleDefault;
				"INFOPLIST_KEY_UIStatusBarStyle[sdk=iphonesimulator*]" = UIStatusBarStyleDefault;
				INFOPLIST_KEY_UISupportedInterfaceOrientations_iPad = "UIInterfaceOrientationPortrait UIInterfaceOrientationPortraitUpsideDown UIInterfaceOrientationLandscapeLeft UIInterfaceOrientationLandscapeRight";
				INFOPLIST_KEY_UISupportedInterfaceOrientations_iPhone = "UIInterfaceOrientationPortrait UIInterfaceOrientationLandscapeLeft UIInterfaceOrientationLandscapeRight";
				IPHONEOS_DEPLOYMENT_TARGET = 16.1;
				LD_RUNPATH_SEARCH_PATHS = "@executable_path/Frameworks";
				"LD_RUNPATH_SEARCH_PATHS[sdk=macosx*]" = "@executable_path/../Frameworks";
				MACOSX_DEPLOYMENT_TARGET = 12.6;
				MARKETING_VERSION = 1.0;
				PRODUCT_BUNDLE_IDENTIFIER = "tee.MVVM-lesson";
				PRODUCT_NAME = "$(TARGET_NAME)";
				SDKROOT = auto;
				SUPPORTED_PLATFORMS = "iphoneos iphonesimulator macosx";
				SWIFT_EMIT_LOC_STRINGS = YES;
				SWIFT_VERSION = 5.0;
				TARGETED_DEVICE_FAMILY = "1,2";
			};
			name = Debug;
		};
		7731671D29253C6F002712DC /* Release */ = {
			isa = XCBuildConfiguration;
			buildSettings = {
				ASSETCATALOG_COMPILER_APPICON_NAME = AppIcon;
				ASSETCATALOG_COMPILER_GLOBAL_ACCENT_COLOR_NAME = AccentColor;
				CODE_SIGN_ENTITLEMENTS = "MVVM-lesson/MVVM_lesson.entitlements";
				CODE_SIGN_STYLE = Automatic;
				CURRENT_PROJECT_VERSION = 1;
				ENABLE_PREVIEWS = YES;
				GENERATE_INFOPLIST_FILE = YES;
				"INFOPLIST_KEY_UIApplicationSceneManifest_Generation[sdk=iphoneos*]" = YES;
				"INFOPLIST_KEY_UIApplicationSceneManifest_Generation[sdk=iphonesimulator*]" = YES;
				"INFOPLIST_KEY_UIApplicationSupportsIndirectInputEvents[sdk=iphoneos*]" = YES;
				"INFOPLIST_KEY_UIApplicationSupportsIndirectInputEvents[sdk=iphonesimulator*]" = YES;
				"INFOPLIST_KEY_UILaunchScreen_Generation[sdk=iphoneos*]" = YES;
				"INFOPLIST_KEY_UILaunchScreen_Generation[sdk=iphonesimulator*]" = YES;
				"INFOPLIST_KEY_UIStatusBarStyle[sdk=iphoneos*]" = UIStatusBarStyleDefault;
				"INFOPLIST_KEY_UIStatusBarStyle[sdk=iphonesimulator*]" = UIStatusBarStyleDefault;
				INFOPLIST_KEY_UISupportedInterfaceOrientations_iPad = "UIInterfaceOrientationPortrait UIInterfaceOrientationPortraitUpsideDown UIInterfaceOrientationLandscapeLeft UIInterfaceOrientationLandscapeRight";
				INFOPLIST_KEY_UISupportedInterfaceOrientations_iPhone = "UIInterfaceOrientationPortrait UIInterfaceOrientationLandscapeLeft UIInterfaceOrientationLandscapeRight";
				IPHONEOS_DEPLOYMENT_TARGET = 16.1;
				LD_RUNPATH_SEARCH_PATHS = "@executable_path/Frameworks";
				"LD_RUNPATH_SEARCH_PATHS[sdk=macosx*]" = "@executable_path/../Frameworks";
				MACOSX_DEPLOYMENT_TARGET = 12.6;
				MARKETING_VERSION = 1.0;
				PRODUCT_BUNDLE_IDENTIFIER = "tee.MVVM-lesson";
				PRODUCT_NAME = "$(TARGET_NAME)";
				SDKROOT = auto;
				SUPPORTED_PLATFORMS = "iphoneos iphonesimulator macosx";
				SWIFT_EMIT_LOC_STRINGS = YES;
				SWIFT_VERSION = 5.0;
				TARGETED_DEVICE_FAMILY = "1,2";
			};
			name = Release;
		};
		7731671F29253C6F002712DC /* Debug */ = {
			isa = XCBuildConfiguration;
			buildSettings = {
				ALWAYS_EMBED_SWIFT_STANDARD_LIBRARIES = YES;
				BUNDLE_LOADER = "$(TEST_HOST)";
				CODE_SIGN_STYLE = Automatic;
				CURRENT_PROJECT_VERSION = 1;
				GENERATE_INFOPLIST_FILE = YES;
				IPHONEOS_DEPLOYMENT_TARGET = 16.1;
				MACOSX_DEPLOYMENT_TARGET = 12.6;
				MARKETING_VERSION = 1.0;
				PRODUCT_BUNDLE_IDENTIFIER = "tee.MVVM-lessonTests";
				PRODUCT_NAME = "$(TARGET_NAME)";
				SDKROOT = auto;
				SUPPORTED_PLATFORMS = "iphoneos iphonesimulator macosx";
				SWIFT_EMIT_LOC_STRINGS = NO;
				SWIFT_VERSION = 5.0;
				TARGETED_DEVICE_FAMILY = "1,2";
				TEST_HOST = "$(BUILT_PRODUCTS_DIR)/MVVM-lesson.app/$(BUNDLE_EXECUTABLE_FOLDER_PATH)/MVVM-lesson";
			};
			name = Debug;
		};
		7731672029253C6F002712DC /* Release */ = {
			isa = XCBuildConfiguration;
			buildSettings = {
				ALWAYS_EMBED_SWIFT_STANDARD_LIBRARIES = YES;
				BUNDLE_LOADER = "$(TEST_HOST)";
				CODE_SIGN_STYLE = Automatic;
				CURRENT_PROJECT_VERSION = 1;
				GENERATE_INFOPLIST_FILE = YES;
				IPHONEOS_DEPLOYMENT_TARGET = 16.1;
				MACOSX_DEPLOYMENT_TARGET = 12.6;
				MARKETING_VERSION = 1.0;
				PRODUCT_BUNDLE_IDENTIFIER = "tee.MVVM-lessonTests";
				PRODUCT_NAME = "$(TARGET_NAME)";
				SDKROOT = auto;
				SUPPORTED_PLATFORMS = "iphoneos iphonesimulator macosx";
				SWIFT_EMIT_LOC_STRINGS = NO;
				SWIFT_VERSION = 5.0;
				TARGETED_DEVICE_FAMILY = "1,2";
				TEST_HOST = "$(BUILT_PRODUCTS_DIR)/MVVM-lesson.app/$(BUNDLE_EXECUTABLE_FOLDER_PATH)/MVVM-lesson";
			};
			name = Release;
		};
		7731672229253C6F002712DC /* Debug */ = {
			isa = XCBuildConfiguration;
			buildSettings = {
				ALWAYS_EMBED_SWIFT_STANDARD_LIBRARIES = YES;
				CODE_SIGN_STYLE = Automatic;
				CURRENT_PROJECT_VERSION = 1;
				GENERATE_INFOPLIST_FILE = YES;
				IPHONEOS_DEPLOYMENT_TARGET = 16.1;
				MACOSX_DEPLOYMENT_TARGET = 12.6;
				MARKETING_VERSION = 1.0;
				PRODUCT_BUNDLE_IDENTIFIER = "tee.MVVM-lessonUITests";
				PRODUCT_NAME = "$(TARGET_NAME)";
				SDKROOT = auto;
				SUPPORTED_PLATFORMS = "iphoneos iphonesimulator macosx";
				SWIFT_EMIT_LOC_STRINGS = NO;
				SWIFT_VERSION = 5.0;
				TARGETED_DEVICE_FAMILY = "1,2";
				TEST_TARGET_NAME = "MVVM-lesson";
			};
			name = Debug;
		};
		7731672329253C6F002712DC /* Release */ = {
			isa = XCBuildConfiguration;
			buildSettings = {
				ALWAYS_EMBED_SWIFT_STANDARD_LIBRARIES = YES;
				CODE_SIGN_STYLE = Automatic;
				CURRENT_PROJECT_VERSION = 1;
				GENERATE_INFOPLIST_FILE = YES;
				IPHONEOS_DEPLOYMENT_TARGET = 16.1;
				MACOSX_DEPLOYMENT_TARGET = 12.6;
				MARKETING_VERSION = 1.0;
				PRODUCT_BUNDLE_IDENTIFIER = "tee.MVVM-lessonUITests";
				PRODUCT_NAME = "$(TARGET_NAME)";
				SDKROOT = auto;
				SUPPORTED_PLATFORMS = "iphoneos iphonesimulator macosx";
				SWIFT_EMIT_LOC_STRINGS = NO;
				SWIFT_VERSION = 5.0;
				TARGETED_DEVICE_FAMILY = "1,2";
				TEST_TARGET_NAME = "MVVM-lesson";
			};
			name = Release;
		};
/* End XCBuildConfiguration section */

/* Begin XCConfigurationList section */
		773166F129253C6B002712DC /* Build configuration list for PBXProject "MVVM-lesson" */ = {
			isa = XCConfigurationList;
			buildConfigurations = (
				7731671929253C6F002712DC /* Debug */,
				7731671A29253C6F002712DC /* Release */,
			);
			defaultConfigurationIsVisible = 0;
			defaultConfigurationName = Release;
		};
		7731671B29253C6F002712DC /* Build configuration list for PBXNativeTarget "MVVM-lesson" */ = {
			isa = XCConfigurationList;
			buildConfigurations = (
				7731671C29253C6F002712DC /* Debug */,
				7731671D29253C6F002712DC /* Release */,
			);
			defaultConfigurationIsVisible = 0;
			defaultConfigurationName = Release;
		};
		7731671E29253C6F002712DC /* Build configuration list for PBXNativeTarget "MVVM-lessonTests" */ = {
			isa = XCConfigurationList;
			buildConfigurations = (
				7731671F29253C6F002712DC /* Debug */,
				7731672029253C6F002712DC /* Release */,
			);
			defaultConfigurationIsVisible = 0;
			defaultConfigurationName = Release;
		};
		7731672129253C6F002712DC /* Build configuration list for PBXNativeTarget "MVVM-lessonUITests" */ = {
			isa = XCConfigurationList;
			buildConfigurations = (
				7731672229253C6F002712DC /* Debug */,
				7731672329253C6F002712DC /* Release */,
			);
			defaultConfigurationIsVisible = 0;
			defaultConfigurationName = Release;
		};
/* End XCConfigurationList section */
	};
	rootObject = 773166EE29253C6B002712DC /* Project object */;
}
